
Microsoft Visual Studio Solution File, Format Version 12.00
# Visual Studio Version 17
VisualStudioVersion = 17.14.37502.11
MinimumVisualStudioVersion = 10.0.40219.1
Project("{FAE04EC0-301F-11D3-BF4B-00C04F79EFBC}") = "ConversorMinutosApp", "ConversorMinutosApp\ConversorMinutosApp.csproj", "{B5DFCEB3-A04F-4BCE-B0F9-68781AE60472}"
EndProject
Project("{FAE04EC0-301F-11D3-BF4B-00C04F79EFBC}") = "ClasificadorNumeros", "ClasificadorNumeros\ClasificadorNumeros.csproj", "{3FAE96C2-D0DA-4A8E-9594-3BE1BE4C027A}"
EndProject
Project("{FAE04EC0-301F-11D3-BF4B-00C04F79EFBC}") = "CalculadoraBasica", "CalculadoraBasica\CalculadoraBasica.csproj", "{FE2AD7CE-C8F6-B741-1805-084AE4662D95}"
EndProject
Project("{FAE04EC0-301F-11D3-BF4B-00C04F79EFBC}") = "TablaMultiplicar", "TablaMultiplicar\TablaMultiplicar.csproj", "{BA9DF100-450D-493E-9549-E4D5A861B621}"
EndProject
Project("{FAE04EC0-301F-11D3-BF4B-00C04F79EFBC}") = "AdivinaNumero", "AdivinaNumero\AdivinaNumero.csproj", "{32CD0BBF-1FCC-427D-847F-B3473D0A6162}"
EndProject
Project("{FAE04EC0-301F-11D3-BF4B-00C04F79EFBC}") = "ContadorVocales", "ContadorVocales\ContadorVocales.csproj", "{96D8520D-22FB-4F70-AC1B-951690421CDF}"
EndProject
Project("{FAE04EC0-301F-11D3-BF4B-00C04F79EFBC}") = "ListaCompra", "ListaCompra\ListaCompra.csproj", "{A4F0AE5F-40FE-4A8C-8EE2-88740BF34ACF}"
EndProject
Project("{FAE04EC0-301F-11D3-BF4B-00C04F79EFBC}") = "GestorTareas", "GestorTareas\GestorTareas.csproj", "{523B2374-83F4-4721-D268-ABA486D7F251}"
EndProject
Project("{FAE04EC0-301F-11D3-BF4B-00C04F79EFBC}") = "CajeroAutomatico", "CajeroAutomatico\CajeroAutomatico.csproj", "{C7B2CD4F-1201-45B0-A869-392D74DA3928}"
EndProject
Project("{FAE04EC0-301F-11D3-BF4B-00C04F79EFBC}") = "RegistroGastos", "RegistroDatos\RegistroGastos.csproj", "{3752A8B2-3D71-4B76-AC74-DCF7E9F651C5}"
EndProject
Project("{FAE04EC0-301F-11D3-BF4B-00C04F79EFBC}") = "GestorVideojuegos", "GestorVideojuegos\GestorVideojuegos.csproj", "{7EF1626F-145D-4FE8-806E-80E6519AB578}"
EndProject
Project("{FAE04EC0-301F-11D3-BF4B-00C04F79EFBC}") = "CarritoCompra", "CarritoCompra\CarritoCompra.csproj", "{E3D43C8A-F36E-4C44-B214-8710804227FE}"
EndProject
Project("{FAE04EC0-301F-11D3-BF4B-00C04F79EFBC}") = "AgendaContactos", "AgendaContactos\AgendaContactos.csproj", "{77C0A6A9-645B-470F-B079-072880E63196}"
EndProject
Project("{FAE04EC0-301F-11D3-BF4B-00C04F79EFBC}") = "GestorInventario", "GestorInventario\GestorInventario.csproj", "{243DA122-C785-4150-8006-CE8AB710E007}"
EndProject
Project("{FAE04EC0-301F-11D3-BF4B-00C04F79EFBC}") = "GestorAlumnos", "GestorAlumnos\GestorAlumnos.csproj", "{3B90411C-A8F9-492E-B875-9098CF1C88F0}"
EndProject
Project("{FAE04EC0-301F-11D3-BF4B-00C04F79EFBC}") = "BibliotecaPersonal", "BibliotecaPersonal\BibliotecaPersonal.csproj", "{F2706C33-B4DA-427F-96A1-F02C47993544}"
EndProject
Project("{FAE04EC0-301F-11D3-BF4B-00C04F79EFBC}") = "CuentaBancaria", "CuentaBancaria\CuentaBancaria.csproj", "{19E33A79-E48C-4B60-8D36-7CCC20AB2284}"
EndProject
Project("{FAE04EC0-301F-11D3-BF4B-00C04F79EFBC}") = "CombateRPG", "CombateRPG\CombateRPG.csproj", "{647CBC73-8B01-459A-B605-4C4E3D553C9C}"
EndProject
Project("{FAE04EC0-301F-11D3-BF4B-00C04F79EFBC}") = "TransferenciasBancarias", "TransferenciasBancarias\TransferenciasBancarias.csproj", "{94502205-73E7-4938-917D-59B6B17D31CE}"
EndProject
Project("{FAE04EC0-301F-11D3-BF4B-00C04F79EFBC}") = "ArenaRPG", "ArenaRPG\ArenaRPG.csproj", "{BB07EEBC-9426-43BC-9243-F5882508C1E9}"
EndProject
Project("{FAE04EC0-301F-11D3-BF4B-00C04F79EFBC}") = "Countofpositives-sumofnegatives", "Countofpositives-sumofnegatives\Countofpositives-sumofnegatives.csproj", "{DA1D0082-20F8-4444-8BB5-373F666C8858}"
EndProject
Project("{FAE04EC0-301F-11D3-BF4B-00C04F79EFBC}") = "MaxAndMinOfAList", "MaxAndMinOfAList\MaxAndMinOfAList.csproj", "{B25F80A9-0CB6-4070-B2DE-E87F38693D00}"
EndProject
Project("{FAE04EC0-301F-11D3-BF4B-00C04F79EFBC}") = "BibliotecaSQLite", "BibliotecaSQLite\BibliotecaSQLite.csproj", "{A8C3F1C1-8F09-4D5F-9846-1E2ECDDC3B79}"
EndProject
Project("{FAE04EC0-301F-11D3-BF4B-00C04F79EFBC}") = "AreYouPlayingBanjo", "AreYouPlayingBanjo\AreYouPlayingBanjo.csproj", "{952E0A6A-3C79-4BD5-AB61-8E0910976CB3}"
EndProject
Project("{FAE04EC0-301F-11D3-BF4B-00C04F79EFBC}") = "ValidateAPINCode", "ValidateAPINCode\ValidateAPINCode.csproj", "{E527E127-A210-4FA9-825F-CFFFA157F44D}"
EndProject
Project("{FAE04EC0-301F-11D3-BF4B-00C04F79EFBC}") = "Is-this-a-triangle", "Is-this-a-triangle\Is-this-a-triangle.csproj", "{973D5690-2986-4670-A605-9143C62399E5}"
EndProject
Project("{FAE04EC0-301F-11D3-BF4B-00C04F79EFBC}") = "vowel-count", "vowel-count\vowel-count.csproj", "{F664165F-27BA-4DBC-B649-D48C5FB75DFE}"
EndProject
Project("{FAE04EC0-301F-11D3-BF4B-00C04F79EFBC}") = "find-the-perfect-square", "find-the-perfect-square\find-the-perfect-square.csproj", "{14A0EF06-B9C9-4C5A-BE5A-5B4945FF527A}"
EndProject
Project("{FAE04EC0-301F-11D3-BF4B-00C04F79EFBC}") = "sum-of-odd-numbers", "sum-of-odd-numbers\sum-of-odd-numbers.csproj", "{4A35514F-15E0-4DEB-AB95-E6A680A9B082}"
EndProject
Project("{FAE04EC0-301F-11D3-BF4B-00C04F79EFBC}") = "two-to-one", "two-to-one\two-to-one.csproj", "{2F5CABEA-4D42-4010-81A5-FF4BDFFE057B}"
EndProject
Project("{FAE04EC0-301F-11D3-BF4B-00C04F79EFBC}") = "mumbling", "mumbling\mumbling.csproj", "{6FED7CD5-55DF-4815-BA20-B0DDD006A2CB}"
EndProject
Project("{FAE04EC0-301F-11D3-BF4B-00C04F79EFBC}") = "jaden-casing-strings", "jaden-casing-strings\jaden-casing-strings.csproj", "{7EB71A0E-ABBC-49E8-998A-975D93C76303}"
EndProject
Project("{FAE04EC0-301F-11D3-BF4B-00C04F79EFBC}") = "categorize-new-member", "categorize-new-member\categorize-new-member.csproj", "{D5B3FC77-8A88-497E-97F8-8B9010971ABD}"
EndProject
Project("{FAE04EC0-301F-11D3-BF4B-00C04F79EFBC}") = "reverse-words", "reverse-words\reverse-words.csproj", "{1DDC0C06-7BBB-49D3-8BD6-B6B0641F43A3}"
EndProject
Project("{FAE04EC0-301F-11D3-BF4B-00C04F79EFBC}") = "you-are-a-square", "you-are-a-square\you-are-a-square.csproj", "{0E2D49BC-B3A7-49E6-BCB2-495147BB81C3}"
EndProject
Project("{FAE04EC0-301F-11D3-BF4B-00C04F79EFBC}") = "number-of-people-in-the-bus", "number-of-people-in-the-bus\number-of-people-in-the-bus.csproj", "{6E88F055-F634-4F11-8A02-A911394D7049}"
EndProject
Global
	GlobalSection(SolutionConfigurationPlatforms) = preSolution
		Debug|Any CPU = Debug|Any CPU
		Release|Any CPU = Release|Any CPU
	EndGlobalSection
	GlobalSection(ProjectConfigurationPlatforms) = postSolution
		{B5DFCEB3-A04F-4BCE-B0F9-68781AE60472}.Debug|Any CPU.ActiveCfg = Debug|Any CPU
		{B5DFCEB3-A04F-4BCE-B0F9-68781AE60472}.Debug|Any CPU.Build.0 = Debug|Any CPU
		{B5DFCEB3-A04F-4BCE-B0F9-68781AE60472}.Release|Any CPU.ActiveCfg = Release|Any CPU
		{B5DFCEB3-A04F-4BCE-B0F9-68781AE60472}.Release|Any CPU.Build.0 = Release|Any CPU
		{3FAE96C2-D0DA-4A8E-9594-3BE1BE4C027A}.Debug|Any CPU.ActiveCfg = Debug|Any CPU
		{3FAE96C2-D0DA-4A8E-9594-3BE1BE4C027A}.Debug|Any CPU.Build.0 = Debug|Any CPU
		{3FAE96C2-D0DA-4A8E-9594-3BE1BE4C027A}.Release|Any CPU.ActiveCfg = Release|Any CPU
		{3FAE96C2-D0DA-4A8E-9594-3BE1BE4C027A}.Release|Any CPU.Build.0 = Release|Any CPU
		{FE2AD7CE-C8F6-B741-1805-084AE4662D95}.Debug|Any CPU.ActiveCfg = Debug|Any CPU
		{FE2AD7CE-C8F6-B741-1805-084AE4662D95}.Debug|Any CPU.Build.0 = Debug|Any CPU
		{FE2AD7CE-C8F6-B741-1805-084AE4662D95}.Release|Any CPU.ActiveCfg = Release|Any CPU
		{FE2AD7CE-C8F6-B741-1805-084AE4662D95}.Release|Any CPU.Build.0 = Release|Any CPU
		{BA9DF100-450D-493E-9549-E4D5A861B621}.Debug|Any CPU.ActiveCfg = Debug|Any CPU
		{BA9DF100-450D-493E-9549-E4D5A861B621}.Debug|Any CPU.Build.0 = Debug|Any CPU
		{BA9DF100-450D-493E-9549-E4D5A861B621}.Release|Any CPU.ActiveCfg = Release|Any CPU
		{BA9DF100-450D-493E-9549-E4D5A861B621}.Release|Any CPU.Build.0 = Release|Any CPU
		{32CD0BBF-1FCC-427D-847F-B3473D0A6162}.Debug|Any CPU.ActiveCfg = Debug|Any CPU
		{32CD0BBF-1FCC-427D-847F-B3473D0A6162}.Debug|Any CPU.Build.0 = Debug|Any CPU
		{32CD0BBF-1FCC-427D-847F-B3473D0A6162}.Release|Any CPU.ActiveCfg = Release|Any CPU
		{32CD0BBF-1FCC-427D-847F-B3473D0A6162}.Release|Any CPU.Build.0 = Release|Any CPU
		{96D8520D-22FB-4F70-AC1B-951690421CDF}.Debug|Any CPU.ActiveCfg = Debug|Any CPU
		{96D8520D-22FB-4F70-AC1B-951690421CDF}.Debug|Any CPU.Build.0 = Debug|Any CPU
		{96D8520D-22FB-4F70-AC1B-951690421CDF}.Release|Any CPU.ActiveCfg = Release|Any CPU
		{96D8520D-22FB-4F70-AC1B-951690421CDF}.Release|Any CPU.Build.0 = Release|Any CPU
		{A4F0AE5F-40FE-4A8C-8EE2-88740BF34ACF}.Debug|Any CPU.ActiveCfg = Debug|Any CPU
		{A4F0AE5F-40FE-4A8C-8EE2-88740BF34ACF}.Debug|Any CPU.Build.0 = Debug|Any CPU
		{A4F0AE5F-40FE-4A8C-8EE2-88740BF34ACF}.Release|Any CPU.ActiveCfg = Release|Any CPU
		{A4F0AE5F-40FE-4A8C-8EE2-88740BF34ACF}.Release|Any CPU.Build.0 = Release|Any CPU
		{523B2374-83F4-4721-D268-ABA486D7F251}.Debug|Any CPU.ActiveCfg = Debug|Any CPU
		{523B2374-83F4-4721-D268-ABA486D7F251}.Debug|Any CPU.Build.0 = Debug|Any CPU
		{523B2374-83F4-4721-D268-ABA486D7F251}.Release|Any CPU.ActiveCfg = Release|Any CPU
		{523B2374-83F4-4721-D268-ABA486D7F251}.Release|Any CPU.Build.0 = Release|Any CPU
		{C7B2CD4F-1201-45B0-A869-392D74DA3928}.Debug|Any CPU.ActiveCfg = Debug|Any CPU
		{C7B2CD4F-1201-45B0-A869-392D74DA3928}.Debug|Any CPU.Build.0 = Debug|Any CPU
		{C7B2CD4F-1201-45B0-A869-392D74DA3928}.Release|Any CPU.ActiveCfg = Release|Any CPU
		{C7B2CD4F-1201-45B0-A869-392D74DA3928}.Release|Any CPU.Build.0 = Release|Any CPU
		{3752A8B2-3D71-4B76-AC74-DCF7E9F651C5}.Debug|Any CPU.ActiveCfg = Debug|Any CPU
		{3752A8B2-3D71-4B76-AC74-DCF7E9F651C5}.Debug|Any CPU.Build.0 = Debug|Any CPU
		{3752A8B2-3D71-4B76-AC74-DCF7E9F651C5}.Release|Any CPU.ActiveCfg = Release|Any CPU
		{3752A8B2-3D71-4B76-AC74-DCF7E9F651C5}.Release|Any CPU.Build.0 = Release|Any CPU
		{7EF1626F-145D-4FE8-806E-80E6519AB578}.Debug|Any CPU.ActiveCfg = Debug|Any CPU
		{7EF1626F-145D-4FE8-806E-80E6519AB578}.Debug|Any CPU.Build.0 = Debug|Any CPU
		{7EF1626F-145D-4FE8-806E-80E6519AB578}.Release|Any CPU.ActiveCfg = Release|Any CPU
		{7EF1626F-145D-4FE8-806E-80E6519AB578}.Release|Any CPU.Build.0 = Release|Any CPU
		{E3D43C8A-F36E-4C44-B214-8710804227FE}.Debug|Any CPU.ActiveCfg = Debug|Any CPU
		{E3D43C8A-F36E-4C44-B214-8710804227FE}.Debug|Any CPU.Build.0 = Debug|Any CPU
		{E3D43C8A-F36E-4C44-B214-8710804227FE}.Release|Any CPU.ActiveCfg = Release|Any CPU
		{E3D43C8A-F36E-4C44-B214-8710804227FE}.Release|Any CPU.Build.0 = Release|Any CPU
		{77C0A6A9-645B-470F-B079-072880E63196}.Debug|Any CPU.ActiveCfg = Debug|Any CPU
		{77C0A6A9-645B-470F-B079-072880E63196}.Debug|Any CPU.Build.0 = Debug|Any CPU
		{77C0A6A9-645B-470F-B079-072880E63196}.Release|Any CPU.ActiveCfg = Release|Any CPU
		{77C0A6A9-645B-470F-B079-072880E63196}.Release|Any CPU.Build.0 = Release|Any CPU
		{243DA122-C785-4150-8006-CE8AB710E007}.Debug|Any CPU.ActiveCfg = Debug|Any CPU
		{243DA122-C785-4150-8006-CE8AB710E007}.Debug|Any CPU.Build.0 = Debug|Any CPU
		{243DA122-C785-4150-8006-CE8AB710E007}.Release|Any CPU.ActiveCfg = Release|Any CPU
		{243DA122-C785-4150-8006-CE8AB710E007}.Release|Any CPU.Build.0 = Release|Any CPU
		{3B90411C-A8F9-492E-B875-9098CF1C88F0}.Debug|Any CPU.ActiveCfg = Debug|Any CPU
		{3B90411C-A8F9-492E-B875-9098CF1C88F0}.Debug|Any CPU.Build.0 = Debug|Any CPU
		{3B90411C-A8F9-492E-B875-9098CF1C88F0}.Release|Any CPU.ActiveCfg = Release|Any CPU
		{3B90411C-A8F9-492E-B875-9098CF1C88F0}.Release|Any CPU.Build.0 = Release|Any CPU
		{F2706C33-B4DA-427F-96A1-F02C47993544}.Debug|Any CPU.ActiveCfg = Debug|Any CPU
		{F2706C33-B4DA-427F-96A1-F02C47993544}.Debug|Any CPU.Build.0 = Debug|Any CPU
		{F2706C33-B4DA-427F-96A1-F02C47993544}.Release|Any CPU.ActiveCfg = Release|Any CPU
		{F2706C33-B4DA-427F-96A1-F02C47993544}.Release|Any CPU.Build.0 = Release|Any CPU
		{19E33A79-E48C-4B60-8D36-7CCC20AB2284}.Debug|Any CPU.ActiveCfg = Debug|Any CPU
		{19E33A79-E48C-4B60-8D36-7CCC20AB2284}.Debug|Any CPU.Build.0 = Debug|Any CPU
		{19E33A79-E48C-4B60-8D36-7CCC20AB2284}.Release|Any CPU.ActiveCfg = Release|Any CPU
		{19E33A79-E48C-4B60-8D36-7CCC20AB2284}.Release|Any CPU.Build.0 = Release|Any CPU
		{647CBC73-8B01-459A-B605-4C4E3D553C9C}.Debug|Any CPU.ActiveCfg = Debug|Any CPU
		{647CBC73-8B01-459A-B605-4C4E3D553C9C}.Debug|Any CPU.Build.0 = Debug|Any CPU
		{647CBC73-8B01-459A-B605-4C4E3D553C9C}.Release|Any CPU.ActiveCfg = Release|Any CPU
		{647CBC73-8B01-459A-B605-4C4E3D553C9C}.Release|Any CPU.Build.0 = Release|Any CPU
		{94502205-73E7-4938-917D-59B6B17D31CE}.Debug|Any CPU.ActiveCfg = Debug|Any CPU
		{94502205-73E7-4938-917D-59B6B17D31CE}.Debug|Any CPU.Build.0 = Debug|Any CPU
		{94502205-73E7-4938-917D-59B6B17D31CE}.Release|Any CPU.ActiveCfg = Release|Any CPU
		{94502205-73E7-4938-917D-59B6B17D31CE}.Release|Any CPU.Build.0 = Release|Any CPU
		{BB07EEBC-9426-43BC-9243-F5882508C1E9}.Debug|Any CPU.ActiveCfg = Debug|Any CPU
		{BB07EEBC-9426-43BC-9243-F5882508C1E9}.Debug|Any CPU.Build.0 = Debug|Any CPU
		{BB07EEBC-9426-43BC-9243-F5882508C1E9}.Release|Any CPU.ActiveCfg = Release|Any CPU
		{BB07EEBC-9426-43BC-9243-F5882508C1E9}.Release|Any CPU.Build.0 = Release|Any CPU
		{DA1D0082-20F8-4444-8BB5-373F666C8858}.Debug|Any CPU.ActiveCfg = Debug|Any CPU
		{DA1D0082-20F8-4444-8BB5-373F666C8858}.Debug|Any CPU.Build.0 = Debug|Any CPU
		{DA1D0082-20F8-4444-8BB5-373F666C8858}.Release|Any CPU.ActiveCfg = Release|Any CPU
		{DA1D0082-20F8-4444-8BB5-373F666C8858}.Release|Any CPU.Build.0 = Release|Any CPU
		{B25F80A9-0CB6-4070-B2DE-E87F38693D00}.Debug|Any CPU.ActiveCfg = Debug|Any CPU
		{B25F80A9-0CB6-4070-B2DE-E87F38693D00}.Debug|Any CPU.Build.0 = Debug|Any CPU
		{B25F80A9-0CB6-4070-B2DE-E87F38693D00}.Release|Any CPU.ActiveCfg = Release|Any CPU
		{B25F80A9-0CB6-4070-B2DE-E87F38693D00}.Release|Any CPU.Build.0 = Release|Any CPU
		{A8C3F1C1-8F09-4D5F-9846-1E2ECDDC3B79}.Debug|Any CPU.ActiveCfg = Debug|Any CPU
		{A8C3F1C1-8F09-4D5F-9846-1E2ECDDC3B79}.Debug|Any CPU.Build.0 = Debug|Any CPU
		{A8C3F1C1-8F09-4D5F-9846-1E2ECDDC3B79}.Release|Any CPU.ActiveCfg = Release|Any CPU
		{A8C3F1C1-8F09-4D5F-9846-1E2ECDDC3B79}.Release|Any CPU.Build.0 = Release|Any CPU
		{952E0A6A-3C79-4BD5-AB61-8E0910976CB3}.Debug|Any CPU.ActiveCfg = Debug|Any CPU
		{952E0A6A-3C79-4BD5-AB61-8E0910976CB3}.Debug|Any CPU.Build.0 = Debug|Any CPU
		{952E0A6A-3C79-4BD5-AB61-8E0910976CB3}.Release|Any CPU.ActiveCfg = Release|Any CPU
		{952E0A6A-3C79-4BD5-AB61-8E0910976CB3}.Release|Any CPU.Build.0 = Release|Any CPU
		{E527E127-A210-4FA9-825F-CFFFA157F44D}.Debug|Any CPU.ActiveCfg = Debug|Any CPU
		{E527E127-A210-4FA9-825F-CFFFA157F44D}.Debug|Any CPU.Build.0 = Debug|Any CPU
		{E527E127-A210-4FA9-825F-CFFFA157F44D}.Release|Any CPU.ActiveCfg = Release|Any CPU
		{E527E127-A210-4FA9-825F-CFFFA157F44D}.Release|Any CPU.Build.0 = Release|Any CPU
		{973D5690-2986-4670-A605-9143C62399E5}.Debug|Any CPU.ActiveCfg = Debug|Any CPU
		{973D5690-2986-4670-A605-9143C62399E5}.Debug|Any CPU.Build.0 = Debug|Any CPU
		{973D5690-2986-4670-A605-9143C62399E5}.Release|Any CPU.ActiveCfg = Release|Any CPU
		{973D5690-2986-4670-A605-9143C62399E5}.Release|Any CPU.Build.0 = Release|Any CPU
		{F664165F-27BA-4DBC-B649-D48C5FB75DFE}.Debug|Any CPU.ActiveCfg = Debug|Any CPU
		{F664165F-27BA-4DBC-B649-D48C5FB75DFE}.Debug|Any CPU.Build.0 = Debug|Any CPU
		{F664165F-27BA-4DBC-B649-D48C5FB75DFE}.Release|Any CPU.ActiveCfg = Release|Any CPU
		{F664165F-27BA-4DBC-B649-D48C5FB75DFE}.Release|Any CPU.Build.0 = Release|Any CPU
		{14A0EF06-B9C9-4C5A-BE5A-5B4945FF527A}.Debug|Any CPU.ActiveCfg = Debug|Any CPU
		{14A0EF06-B9C9-4C5A-BE5A-5B4945FF527A}.Debug|Any CPU.Build.0 = Debug|Any CPU
		{14A0EF06-B9C9-4C5A-BE5A-5B4945FF527A}.Release|Any CPU.ActiveCfg = Release|Any CPU
		{14A0EF06-B9C9-4C5A-BE5A-5B4945FF527A}.Release|Any CPU.Build.0 = Release|Any CPU
		{4A35514F-15E0-4DEB-AB95-E6A680A9B082}.Debug|Any CPU.ActiveCfg = Debug|Any CPU
		{4A35514F-15E0-4DEB-AB95-E6A680A9B082}.Debug|Any CPU.Build.0 = Debug|Any CPU
		{4A35514F-15E0-4DEB-AB95-E6A680A9B082}.Release|Any CPU.ActiveCfg = Release|Any CPU
		{4A35514F-15E0-4DEB-AB95-E6A680A9B082}.Release|Any CPU.Build.0 = Release|Any CPU
		{2F5CABEA-4D42-4010-81A5-FF4BDFFE057B}.Debug|Any CPU.ActiveCfg = Debug|Any CPU
		{2F5CABEA-4D42-4010-81A5-FF4BDFFE057B}.Debug|Any CPU.Build.0 = Debug|Any CPU
		{2F5CABEA-4D42-4010-81A5-FF4BDFFE057B}.Release|Any CPU.ActiveCfg = Release|Any CPU
		{2F5CABEA-4D42-4010-81A5-FF4BDFFE057B}.Release|Any CPU.Build.0 = Release|Any CPU
		{6FED7CD5-55DF-4815-BA20-B0DDD006A2CB}.Debug|Any CPU.ActiveCfg = Debug|Any CPU
		{6FED7CD5-55DF-4815-BA20-B0DDD006A2CB}.Debug|Any CPU.Build.0 = Debug|Any CPU
		{6FED7CD5-55DF-4815-BA20-B0DDD006A2CB}.Release|Any CPU.ActiveCfg = Release|Any CPU
		{6FED7CD5-55DF-4815-BA20-B0DDD006A2CB}.Release|Any CPU.Build.0 = Release|Any CPU
		{7EB71A0E-ABBC-49E8-998A-975D93C76303}.Debug|Any CPU.ActiveCfg = Debug|Any CPU
		{7EB71A0E-ABBC-49E8-998A-975D93C76303}.Debug|Any CPU.Build.0 = Debug|Any CPU
		{7EB71A0E-ABBC-49E8-998A-975D93C76303}.Release|Any CPU.ActiveCfg = Release|Any CPU
		{7EB71A0E-ABBC-49E8-998A-975D93C76303}.Release|Any CPU.Build.0 = Release|Any CPU
		{D5B3FC77-8A88-497E-97F8-8B9010971ABD}.Debug|Any CPU.ActiveCfg = Debug|Any CPU
		{D5B3FC77-8A88-497E-97F8-8B9010971ABD}.Debug|Any CPU.Build.0 = Debug|Any CPU
		{D5B3FC77-8A88-497E-97F8-8B9010971ABD}.Release|Any CPU.ActiveCfg = Release|Any CPU
		{D5B3FC77-8A88-497E-97F8-8B9010971ABD}.Release|Any CPU.Build.0 = Release|Any CPU
		{1DDC0C06-7BBB-49D3-8BD6-B6B0641F43A3}.Debug|Any CPU.ActiveCfg = Debug|Any CPU
		{1DDC0C06-7BBB-49D3-8BD6-B6B0641F43A3}.Debug|Any CPU.Build.0 = Debug|Any CPU
		{1DDC0C06-7BBB-49D3-8BD6-B6B0641F43A3}.Release|Any CPU.ActiveCfg = Release|Any CPU
		{1DDC0C06-7BBB-49D3-8BD6-B6B0641F43A3}.Release|Any CPU.Build.0 = Release|Any CPU
		{0E2D49BC-B3A7-49E6-BCB2-495147BB81C3}.Debug|Any CPU.ActiveCfg = Debug|Any CPU
		{0E2D49BC-B3A7-49E6-BCB2-495147BB81C3}.Debug|Any CPU.Build.0 = Debug|Any CPU
		{0E2D49BC-B3A7-49E6-BCB2-495147BB81C3}.Release|Any CPU.ActiveCfg = Release|Any CPU
		{0E2D49BC-B3A7-49E6-BCB2-495147BB81C3}.Release|Any CPU.Build.0 = Release|Any CPU
		{6E88F055-F634-4F11-8A02-A911394D7049}.Debug|Any CPU.ActiveCfg = Debug|Any CPU
		{6E88F055-F634-4F11-8A02-A911394D7049}.Debug|Any CPU.Build.0 = Debug|Any CPU
		{6E88F055-F634-4F11-8A02-A911394D7049}.Release|Any CPU.ActiveCfg = Release|Any CPU
		{6E88F055-F634-4F11-8A02-A911394D7049}.Release|Any CPU.Build.0 = Release|Any CPU
	EndGlobalSection
	GlobalSection(SolutionProperties) = preSolution
		HideSolutionNode = FALSE
	EndGlobalSection
	GlobalSection(ExtensibilityGlobals) = postSolution
		SolutionGuid = {DC53BA3F-1340-4FE4-A484-F4AB73EFE49F}
	EndGlobalSection
EndGlobal
